
Microsoft Visual Studio Solution File, Format Version 12.00
# Visual Studio 15
VisualStudioVersion = 15.0.28010.2041
MinimumVisualStudioVersion = 10.0.40219.1
Project("{FAE04EC0-301F-11D3-BF4B-00C04F79EFBC}") = "mainGUI.UWP", "mainGUI\mainGUI.UWP\mainGUI.UWP.csproj", "{2228FBBF-1815-4BA2-AA34-E0DC11C4C598}"
EndProject
Project("{FAE04EC0-301F-11D3-BF4B-00C04F79EFBC}") = "mainGUI", "mainGUI\mainGUI\mainGUI.csproj", "{EDB96442-44C3-4CAA-B644-E34EB7630572}"
EndProject
Project("{FAE04EC0-301F-11D3-BF4B-00C04F79EFBC}") = "mainGUI.Mac", "mainGUI.Mac\mainGUI.Mac.csproj", "{FFC28BBF-39F7-4423-B021-830FE2916B7D}"
EndProject
Global
	GlobalSection(SolutionConfigurationPlatforms) = preSolution
		Ad-Hoc|Any CPU = Ad-Hoc|Any CPU
		Ad-Hoc|ARM = Ad-Hoc|ARM
		Ad-Hoc|iPhone = Ad-Hoc|iPhone
		Ad-Hoc|iPhoneSimulator = Ad-Hoc|iPhoneSimulator
		Ad-Hoc|x64 = Ad-Hoc|x64
		Ad-Hoc|x86 = Ad-Hoc|x86
		AppStore|Any CPU = AppStore|Any CPU
		AppStore|ARM = AppStore|ARM
		AppStore|iPhone = AppStore|iPhone
		AppStore|iPhoneSimulator = AppStore|iPhoneSimulator
		AppStore|x64 = AppStore|x64
		AppStore|x86 = AppStore|x86
		Debug|Any CPU = Debug|Any CPU
		Debug|ARM = Debug|ARM
		Debug|iPhone = Debug|iPhone
		Debug|iPhoneSimulator = Debug|iPhoneSimulator
		Debug|x64 = Debug|x64
		Debug|x86 = Debug|x86
		Release|Any CPU = Release|Any CPU
		Release|ARM = Release|ARM
		Release|iPhone = Release|iPhone
		Release|iPhoneSimulator = Release|iPhoneSimulator
		Release|x64 = Release|x64
		Release|x86 = Release|x86
	EndGlobalSection
	GlobalSection(ProjectConfigurationPlatforms) = postSolution
		{2228FBBF-1815-4BA2-AA34-E0DC11C4C598}.Ad-Hoc|Any CPU.ActiveCfg = Release|x64
		{2228FBBF-1815-4BA2-AA34-E0DC11C4C598}.Ad-Hoc|Any CPU.Build.0 = Release|x64
		{2228FBBF-1815-4BA2-AA34-E0DC11C4C598}.Ad-Hoc|Any CPU.Deploy.0 = Release|x64
		{2228FBBF-1815-4BA2-AA34-E0DC11C4C598}.Ad-Hoc|ARM.ActiveCfg = Release|ARM
		{2228FBBF-1815-4BA2-AA34-E0DC11C4C598}.Ad-Hoc|ARM.Build.0 = Release|ARM
		{2228FBBF-1815-4BA2-AA34-E0DC11C4C598}.Ad-Hoc|ARM.Deploy.0 = Release|ARM
		{2228FBBF-1815-4BA2-AA34-E0DC11C4C598}.Ad-Hoc|iPhone.ActiveCfg = Release|x64
		{2228FBBF-1815-4BA2-AA34-E0DC11C4C598}.Ad-Hoc|iPhone.Build.0 = Release|x64
		{2228FBBF-1815-4BA2-AA34-E0DC11C4C598}.Ad-Hoc|iPhone.Deploy.0 = Release|x64
		{2228FBBF-1815-4BA2-AA34-E0DC11C4C598}.Ad-Hoc|iPhoneSimulator.ActiveCfg = Release|x64
		{2228FBBF-1815-4BA2-AA34-E0DC11C4C598}.Ad-Hoc|iPhoneSimulator.Build.0 = Release|x64
		{2228FBBF-1815-4BA2-AA34-E0DC11C4C598}.Ad-Hoc|iPhoneSimulator.Deploy.0 = Release|x64
		{2228FBBF-1815-4BA2-AA34-E0DC11C4C598}.Ad-Hoc|x64.ActiveCfg = Release|x64
		{2228FBBF-1815-4BA2-AA34-E0DC11C4C598}.Ad-Hoc|x64.Build.0 = Release|x64
		{2228FBBF-1815-4BA2-AA34-E0DC11C4C598}.Ad-Hoc|x64.Deploy.0 = Release|x64
		{2228FBBF-1815-4BA2-AA34-E0DC11C4C598}.Ad-Hoc|x86.ActiveCfg = Release|x86
		{2228FBBF-1815-4BA2-AA34-E0DC11C4C598}.Ad-Hoc|x86.Build.0 = Release|x86
		{2228FBBF-1815-4BA2-AA34-E0DC11C4C598}.Ad-Hoc|x86.Deploy.0 = Release|x86
		{2228FBBF-1815-4BA2-AA34-E0DC11C4C598}.AppStore|Any CPU.ActiveCfg = Release|x64
		{2228FBBF-1815-4BA2-AA34-E0DC11C4C598}.AppStore|Any CPU.Build.0 = Release|x64
		{2228FBBF-1815-4BA2-AA34-E0DC11C4C598}.AppStore|Any CPU.Deploy.0 = Release|x64
		{2228FBBF-1815-4BA2-AA34-E0DC11C4C598}.AppStore|ARM.ActiveCfg = Release|ARM
		{2228FBBF-1815-4BA2-AA34-E0DC11C4C598}.AppStore|ARM.Build.0 = Release|ARM
		{2228FBBF-1815-4BA2-AA34-E0DC11C4C598}.AppStore|ARM.Deploy.0 = Release|ARM
		{2228FBBF-1815-4BA2-AA34-E0DC11C4C598}.AppStore|iPhone.ActiveCfg = Release|x64
		{2228FBBF-1815-4BA2-AA34-E0DC11C4C598}.AppStore|iPhone.Build.0 = Release|x64
		{2228FBBF-1815-4BA2-AA34-E0DC11C4C598}.AppStore|iPhone.Deploy.0 = Release|x64
		{2228FBBF-1815-4BA2-AA34-E0DC11C4C598}.AppStore|iPhoneSimulator.ActiveCfg = Release|x64
		{2228FBBF-1815-4BA2-AA34-E0DC11C4C598}.AppStore|iPhoneSimulator.Build.0 = Release|x64
		{2228FBBF-1815-4BA2-AA34-E0DC11C4C598}.AppStore|iPhoneSimulator.Deploy.0 = Release|x64
		{2228FBBF-1815-4BA2-AA34-E0DC11C4C598}.AppStore|x64.ActiveCfg = Release|x64
		{2228FBBF-1815-4BA2-AA34-E0DC11C4C598}.AppStore|x64.Build.0 = Release|x64
		{2228FBBF-1815-4BA2-AA34-E0DC11C4C598}.AppStore|x64.Deploy.0 = Release|x64
		{2228FBBF-1815-4BA2-AA34-E0DC11C4C598}.AppStore|x86.ActiveCfg = Release|x86
		{2228FBBF-1815-4BA2-AA34-E0DC11C4C598}.AppStore|x86.Build.0 = Release|x86
		{2228FBBF-1815-4BA2-AA34-E0DC11C4C598}.AppStore|x86.Deploy.0 = Release|x86
		{2228FBBF-1815-4BA2-AA34-E0DC11C4C598}.Debug|Any CPU.ActiveCfg = Debug|x86
		{2228FBBF-1815-4BA2-AA34-E0DC11C4C598}.Debug|Any CPU.Build.0 = Debug|x86
		{2228FBBF-1815-4BA2-AA34-E0DC11C4C598}.Debug|Any CPU.Deploy.0 = Debug|x86
		{2228FBBF-1815-4BA2-AA34-E0DC11C4C598}.Debug|ARM.ActiveCfg = Debug|ARM
		{2228FBBF-1815-4BA2-AA34-E0DC11C4C598}.Debug|ARM.Build.0 = Debug|ARM
		{2228FBBF-1815-4BA2-AA34-E0DC11C4C598}.Debug|ARM.Deploy.0 = Debug|ARM
		{2228FBBF-1815-4BA2-AA34-E0DC11C4C598}.Debug|iPhone.ActiveCfg = Debug|x86
		{2228FBBF-1815-4BA2-AA34-E0DC11C4C598}.Debug|iPhoneSimulator.ActiveCfg = Debug|x86
		{2228FBBF-1815-4BA2-AA34-E0DC11C4C598}.Debug|x64.ActiveCfg = Debug|x64
		{2228FBBF-1815-4BA2-AA34-E0DC11C4C598}.Debug|x64.Build.0 = Debug|x64
		{2228FBBF-1815-4BA2-AA34-E0DC11C4C598}.Debug|x64.Deploy.0 = Debug|x64
		{2228FBBF-1815-4BA2-AA34-E0DC11C4C598}.Debug|x86.ActiveCfg = Debug|x86
		{2228FBBF-1815-4BA2-AA34-E0DC11C4C598}.Debug|x86.Build.0 = Debug|x86
		{2228FBBF-1815-4BA2-AA34-E0DC11C4C598}.Debug|x86.Deploy.0 = Debug|x86
		{2228FBBF-1815-4BA2-AA34-E0DC11C4C598}.Release|Any CPU.ActiveCfg = Release|x86
		{2228FBBF-1815-4BA2-AA34-E0DC11C4C598}.Release|Any CPU.Build.0 = Release|x86
		{2228FBBF-1815-4BA2-AA34-E0DC11C4C598}.Release|Any CPU.Deploy.0 = Release|x86
		{2228FBBF-1815-4BA2-AA34-E0DC11C4C598}.Release|ARM.ActiveCfg = Release|ARM
		{2228FBBF-1815-4BA2-AA34-E0DC11C4C598}.Release|ARM.Build.0 = Release|ARM
		{2228FBBF-1815-4BA2-AA34-E0DC11C4C598}.Release|ARM.Deploy.0 = Release|ARM
		{2228FBBF-1815-4BA2-AA34-E0DC11C4C598}.Release|iPhone.ActiveCfg = Release|x86
		{2228FBBF-1815-4BA2-AA34-E0DC11C4C598}.Release|iPhoneSimulator.ActiveCfg = Release|x86
		{2228FBBF-1815-4BA2-AA34-E0DC11C4C598}.Release|x64.ActiveCfg = Release|x64
		{2228FBBF-1815-4BA2-AA34-E0DC11C4C598}.Release|x64.Build.0 = Release|x64
		{2228FBBF-1815-4BA2-AA34-E0DC11C4C598}.Release|x64.Deploy.0 = Release|x64
		{2228FBBF-1815-4BA2-AA34-E0DC11C4C598}.Release|x86.ActiveCfg = Release|x86
		{2228FBBF-1815-4BA2-AA34-E0DC11C4C598}.Release|x86.Build.0 = Release|x86
		{2228FBBF-1815-4BA2-AA34-E0DC11C4C598}.Release|x86.Deploy.0 = Release|x86
		{EDB96442-44C3-4CAA-B644-E34EB7630572}.Ad-Hoc|Any CPU.ActiveCfg = Release|Any CPU
		{EDB96442-44C3-4CAA-B644-E34EB7630572}.Ad-Hoc|Any CPU.Build.0 = Release|Any CPU
		{EDB96442-44C3-4CAA-B644-E34EB7630572}.Ad-Hoc|ARM.ActiveCfg = Release|Any CPU
		{EDB96442-44C3-4CAA-B644-E34EB7630572}.Ad-Hoc|ARM.Build.0 = Release|Any CPU
		{EDB96442-44C3-4CAA-B644-E34EB7630572}.Ad-Hoc|iPhone.ActiveCfg = Release|Any CPU
		{EDB96442-44C3-4CAA-B644-E34EB7630572}.Ad-Hoc|iPhone.Build.0 = Release|Any CPU
		{EDB96442-44C3-4CAA-B644-E34EB7630572}.Ad-Hoc|iPhoneSimulator.ActiveCfg = Release|Any CPU
		{EDB96442-44C3-4CAA-B644-E34EB7630572}.Ad-Hoc|iPhoneSimulator.Build.0 = Release|Any CPU
		{EDB96442-44C3-4CAA-B644-E34EB7630572}.Ad-Hoc|x64.ActiveCfg = Release|Any CPU
		{EDB96442-44C3-4CAA-B644-E34EB7630572}.Ad-Hoc|x64.Build.0 = Release|Any CPU
		{EDB96442-44C3-4CAA-B644-E34EB7630572}.Ad-Hoc|x86.ActiveCfg = Release|Any CPU
		{EDB96442-44C3-4CAA-B644-E34EB7630572}.Ad-Hoc|x86.Build.0 = Release|Any CPU
		{EDB96442-44C3-4CAA-B644-E34EB7630572}.AppStore|Any CPU.ActiveCfg = Release|Any CPU
		{EDB96442-44C3-4CAA-B644-E34EB7630572}.AppStore|Any CPU.Build.0 = Release|Any CPU
		{EDB96442-44C3-4CAA-B644-E34EB7630572}.AppStore|ARM.ActiveCfg = Release|Any CPU
		{EDB96442-44C3-4CAA-B644-E34EB7630572}.AppStore|ARM.Build.0 = Release|Any CPU
		{EDB96442-44C3-4CAA-B644-E34EB7630572}.AppStore|iPhone.ActiveCfg = Release|Any CPU
		{EDB96442-44C3-4CAA-B644-E34EB7630572}.AppStore|iPhone.Build.0 = Release|Any CPU
		{EDB96442-44C3-4CAA-B644-E34EB7630572}.AppStore|iPhoneSimulator.ActiveCfg = Release|Any CPU
		{EDB96442-44C3-4CAA-B644-E34EB7630572}.AppStore|iPhoneSimulator.Build.0 = Release|Any CPU
		{EDB96442-44C3-4CAA-B644-E34EB7630572}.AppStore|x64.ActiveCfg = Release|Any CPU
		{EDB96442-44C3-4CAA-B644-E34EB7630572}.AppStore|x64.Build.0 = Release|Any CPU
		{EDB96442-44C3-4CAA-B644-E34EB7630572}.AppStore|x86.ActiveCfg = Release|Any CPU
		{EDB96442-44C3-4CAA-B644-E34EB7630572}.AppStore|x86.Build.0 = Release|Any CPU
		{EDB96442-44C3-4CAA-B644-E34EB7630572}.Debug|Any CPU.ActiveCfg = Debug|Any CPU
		{EDB96442-44C3-4CAA-B644-E34EB7630572}.Debug|Any CPU.Build.0 = Debug|Any CPU
		{EDB96442-44C3-4CAA-B644-E34EB7630572}.Debug|Any CPU.Deploy.0 = Debug|Any CPU
		{EDB96442-44C3-4CAA-B644-E34EB7630572}.Debug|ARM.ActiveCfg = Debug|Any CPU
		{EDB96442-44C3-4CAA-B644-E34EB7630572}.Debug|ARM.Build.0 = Debug|Any CPU
		{EDB96442-44C3-4CAA-B644-E34EB7630572}.Debug|ARM.Deploy.0 = Debug|Any CPU
		{EDB96442-44C3-4CAA-B644-E34EB7630572}.Debug|iPhone.ActiveCfg = Debug|Any CPU
		{EDB96442-44C3-4CAA-B644-E34EB7630572}.Debug|iPhone.Build.0 = Debug|Any CPU
		{EDB96442-44C3-4CAA-B644-E34EB7630572}.Debug|iPhoneSimulator.ActiveCfg = Debug|Any CPU
		{EDB96442-44C3-4CAA-B644-E34EB7630572}.Debug|iPhoneSimulator.Build.0 = Debug|Any CPU
		{EDB96442-44C3-4CAA-B644-E34EB7630572}.Debug|x64.ActiveCfg = Debug|Any CPU
		{EDB96442-44C3-4CAA-B644-E34EB7630572}.Debug|x64.Build.0 = Debug|Any CPU
		{EDB96442-44C3-4CAA-B644-E34EB7630572}.Debug|x64.Deploy.0 = Debug|Any CPU
		{EDB96442-44C3-4CAA-B644-E34EB7630572}.Debug|x86.ActiveCfg = Debug|Any CPU
		{EDB96442-44C3-4CAA-B644-E34EB7630572}.Debug|x86.Build.0 = Debug|Any CPU
		{EDB96442-44C3-4CAA-B644-E34EB7630572}.Debug|x86.Deploy.0 = Debug|Any CPU
		{EDB96442-44C3-4CAA-B644-E34EB7630572}.Release|Any CPU.ActiveCfg = Release|Any CPU
		{EDB96442-44C3-4CAA-B644-E34EB7630572}.Release|Any CPU.Build.0 = Release|Any CPU
		{EDB96442-44C3-4CAA-B644-E34EB7630572}.Release|Any CPU.Deploy.0 = Release|Any CPU
		{EDB96442-44C3-4CAA-B644-E34EB7630572}.Release|ARM.ActiveCfg = Release|Any CPU
		{EDB96442-44C3-4CAA-B644-E34EB7630572}.Release|ARM.Build.0 = Release|Any CPU
		{EDB96442-44C3-4CAA-B644-E34EB7630572}.Release|ARM.Deploy.0 = Release|Any CPU
		{EDB96442-44C3-4CAA-B644-E34EB7630572}.Release|iPhone.ActiveCfg = Release|Any CPU
		{EDB96442-44C3-4CAA-B644-E34EB7630572}.Release|iPhone.Build.0 = Release|Any CPU
		{EDB96442-44C3-4CAA-B644-E34EB7630572}.Release|iPhoneSimulator.ActiveCfg = Release|Any CPU
		{EDB96442-44C3-4CAA-B644-E34EB7630572}.Release|iPhoneSimulator.Build.0 = Release|Any CPU
		{EDB96442-44C3-4CAA-B644-E34EB7630572}.Release|x64.ActiveCfg = Release|Any CPU
		{EDB96442-44C3-4CAA-B644-E34EB7630572}.Release|x64.Build.0 = Release|Any CPU
		{EDB96442-44C3-4CAA-B644-E34EB7630572}.Release|x64.Deploy.0 = Release|Any CPU
		{EDB96442-44C3-4CAA-B644-E34EB7630572}.Release|x86.ActiveCfg = Release|Any CPU
		{EDB96442-44C3-4CAA-B644-E34EB7630572}.Release|x86.Build.0 = Release|Any CPU
		{EDB96442-44C3-4CAA-B644-E34EB7630572}.Release|x86.Deploy.0 = Release|Any CPU
		{FFC28BBF-39F7-4423-B021-830FE2916B7D}.Ad-Hoc|Any CPU.ActiveCfg = Debug|Any CPU
		{FFC28BBF-39F7-4423-B021-830FE2916B7D}.Ad-Hoc|Any CPU.Build.0 = Debug|Any CPU
		{FFC28BBF-39F7-4423-B021-830FE2916B7D}.Ad-Hoc|ARM.ActiveCfg = Debug|Any CPU
		{FFC28BBF-39F7-4423-B021-830FE2916B7D}.Ad-Hoc|ARM.Build.0 = Debug|Any CPU
		{FFC28BBF-39F7-4423-B021-830FE2916B7D}.Ad-Hoc|iPhone.ActiveCfg = Debug|Any CPU
		{FFC28BBF-39F7-4423-B021-830FE2916B7D}.Ad-Hoc|iPhone.Build.0 = Debug|Any CPU
		{FFC28BBF-39F7-4423-B021-830FE2916B7D}.Ad-Hoc|iPhoneSimulator.ActiveCfg = Debug|Any CPU
		{FFC28BBF-39F7-4423-B021-830FE2916B7D}.Ad-Hoc|iPhoneSimulator.Build.0 = Debug|Any CPU
		{FFC28BBF-39F7-4423-B021-830FE2916B7D}.Ad-Hoc|x64.ActiveCfg = Debug|Any CPU
		{FFC28BBF-39F7-4423-B021-830FE2916B7D}.Ad-Hoc|x64.Build.0 = Debug|Any CPU
		{FFC28BBF-39F7-4423-B021-830FE2916B7D}.Ad-Hoc|x86.ActiveCfg = Debug|Any CPU
		{FFC28BBF-39F7-4423-B021-830FE2916B7D}.Ad-Hoc|x86.Build.0 = Debug|Any CPU
		{FFC28BBF-39F7-4423-B021-830FE2916B7D}.AppStore|Any CPU.ActiveCfg = Debug|Any CPU
		{FFC28BBF-39F7-4423-B021-830FE2916B7D}.AppStore|Any CPU.Build.0 = Debug|Any CPU
		{FFC28BBF-39F7-4423-B021-830FE2916B7D}.AppStore|ARM.ActiveCfg = Debug|Any CPU
		{FFC28BBF-39F7-4423-B021-830FE2916B7D}.AppStore|ARM.Build.0 = Debug|Any CPU
		{FFC28BBF-39F7-4423-B021-830FE2916B7D}.AppStore|iPhone.ActiveCfg = Debug|Any CPU
		{FFC28BBF-39F7-4423-B021-830FE2916B7D}.AppStore|iPhone.Build.0 = Debug|Any CPU
		{FFC28BBF-39F7-4423-B021-830FE2916B7D}.AppStore|iPhoneSimulator.ActiveCfg = Debug|Any CPU
		{FFC28BBF-39F7-4423-B021-830FE2916B7D}.AppStore|iPhoneSimulator.Build.0 = Debug|Any CPU
		{FFC28BBF-39F7-4423-B021-830FE2916B7D}.AppStore|x64.ActiveCfg = Debug|Any CPU
		{FFC28BBF-39F7-4423-B021-830FE2916B7D}.AppStore|x64.Build.0 = Debug|Any CPU
		{FFC28BBF-39F7-4423-B021-830FE2916B7D}.AppStore|x86.ActiveCfg = Debug|Any CPU
		{FFC28BBF-39F7-4423-B021-830FE2916B7D}.AppStore|x86.Build.0 = Debug|Any CPU
		{FFC28BBF-39F7-4423-B021-830FE2916B7D}.Debug|Any CPU.ActiveCfg = Debug|Any CPU
		{FFC28BBF-39F7-4423-B021-830FE2916B7D}.Debug|Any CPU.Build.0 = Debug|Any CPU
		{FFC28BBF-39F7-4423-B021-830FE2916B7D}.Debug|ARM.ActiveCfg = Debug|Any CPU
		{FFC28BBF-39F7-4423-B021-830FE2916B7D}.Debug|ARM.Build.0 = Debug|Any CPU
		{FFC28BBF-39F7-4423-B021-830FE2916B7D}.Debug|iPhone.ActiveCfg = Debug|Any CPU
		{FFC28BBF-39F7-4423-B021-830FE2916B7D}.Debug|iPhone.Build.0 = Debug|Any CPU
		{FFC28BBF-39F7-4423-B021-830FE2916B7D}.Debug|iPhoneSimulator.ActiveCfg = Debug|Any CPU
		{FFC28BBF-39F7-4423-B021-830FE2916B7D}.Debug|iPhoneSimulator.Build.0 = Debug|Any CPU
		{FFC28BBF-39F7-4423-B021-830FE2916B7D}.Debug|x64.ActiveCfg = Debug|Any CPU
		{FFC28BBF-39F7-4423-B021-830FE2916B7D}.Debug|x64.Build.0 = Debug|Any CPU
		{FFC28BBF-39F7-4423-B021-830FE2916B7D}.Debug|x86.ActiveCfg = Debug|Any CPU
		{FFC28BBF-39F7-4423-B021-830FE2916B7D}.Debug|x86.Build.0 = Debug|Any CPU
		{FFC28BBF-39F7-4423-B021-830FE2916B7D}.Release|Any CPU.ActiveCfg = Release|Any CPU
		{FFC28BBF-39F7-4423-B021-830FE2916B7D}.Release|Any CPU.Build.0 = Release|Any CPU
		{FFC28BBF-39F7-4423-B021-830FE2916B7D}.Release|ARM.ActiveCfg = Release|Any CPU
		{FFC28BBF-39F7-4423-B021-830FE2916B7D}.Release|ARM.Build.0 = Release|Any CPU
		{FFC28BBF-39F7-4423-B021-830FE2916B7D}.Release|iPhone.ActiveCfg = Release|Any CPU
		{FFC28BBF-39F7-4423-B021-830FE2916B7D}.Release|iPhone.Build.0 = Release|Any CPU
		{FFC28BBF-39F7-4423-B021-830FE2916B7D}.Release|iPhoneSimulator.ActiveCfg = Release|Any CPU
		{FFC28BBF-39F7-4423-B021-830FE2916B7D}.Release|iPhoneSimulator.Build.0 = Release|Any CPU
		{FFC28BBF-39F7-4423-B021-830FE2916B7D}.Release|x64.ActiveCfg = Release|Any CPU
		{FFC28BBF-39F7-4423-B021-830FE2916B7D}.Release|x64.Build.0 = Release|Any CPU
		{FFC28BBF-39F7-4423-B021-830FE2916B7D}.Release|x86.ActiveCfg = Release|Any CPU
		{FFC28BBF-39F7-4423-B021-830FE2916B7D}.Release|x86.Build.0 = Release|Any CPU
	EndGlobalSection
	GlobalSection(SolutionProperties) = preSolution
		HideSolutionNode = FALSE
	EndGlobalSection
	GlobalSection(ExtensibilityGlobals) = postSolution
		SolutionGuid = {54705D65-26E4-46AB-8201-77CC3A4C9398}
	EndGlobalSection
EndGlobal
